
Microsoft Visual Studio Solution File, Format Version 12.00
# Visual Studio Version 16
VisualStudioVersion = 16.0.31424.327
MinimumVisualStudioVersion = 10.0.40219.1
Project("{FAE04EC0-301F-11D3-BF4B-00C04F79EFBC}") = "DragDropSmaple", "DragDropSmaple\DragDropSmaple.csproj", "{177FDBBA-74AF-425F-BBC9-E373C9E0A282}"
EndProject
Global
	GlobalSection(SolutionConfigurationPlatforms) = preSolution
		Debug|Any CPU = Debug|Any CPU
		Release|Any CPU = Release|Any CPU
	EndGlobalSection
	GlobalSection(ProjectConfigurationPlatforms) = postSolution
		{177FDBBA-74AF-425F-BBC9-E373C9E0A282}.Debug|Any CPU.ActiveCfg = Debug|Any CPU
		{177FDBBA-74AF-425F-BBC9-E373C9E0A282}.Debug|Any CPU.Build.0 = Debug|Any CPU
		{177FDBBA-74AF-425F-BBC9-E373C9E0A282}.Release|Any CPU.ActiveCfg = Release|Any CPU
		{177FDBBA-74AF-425F-BBC9-E373C9E0A282}.Release|Any CPU.Build.0 = Release|Any CPU
	EndGlobalSection
	GlobalSection(SolutionProperties) = preSolution
		HideSolutionNode = FALSE
	EndGlobalSection
	GlobalSection(ExtensibilityGlobals) = postSolution
		SolutionGuid = {444C946D-44F9-4B4B-81EE-9C4BC4ECF2FC}
	EndGlobalSection
EndGlobal
